# This file is autogenerated, do not edit; changes may be undone by the next 'dep ensure'.


[[projects]]
  name = "bitbucket.org/ConsentSystems/logging"
  packages = ["."]
  revision = "51352e029965ce471a26550c0759cd2416819694"
  version = "v0.3"

[[projects]]
  name = "github.com/hashicorp/consul"
  packages = ["api"]
  revision = "5174058f0d2bda63fa5198ab96c33d9a909c58ed"
  version = "v1.1.0"

[[projects]]
  branch = "master"
  name = "github.com/hashicorp/go-cleanhttp"
  packages = ["."]
  revision = "d5fe4b57a186c716b0e00b8c301cbd9b4182694d"

[[projects]]
  branch = "master"
  name = "github.com/hashicorp/go-rootcerts"
  packages = ["."]
  revision = "6bb64b370b90e7ef1fa532be9e591a81c3493e00"

[[projects]]
  name = "github.com/hashicorp/serf"
  packages = ["coordinate"]
  revision = "d6574a5bb1226678d7010325fb6c985db20ee458"
  version = "v0.8.1"

[[projects]]
  branch = "master"
  name = "github.com/micro/util"
  packages = ["go/lib/addr"]
  revision = "4b7ed83e8520ab8fe6e5ef61fa2ede94b32f8602"

[[projects]]
  branch = "master"
  name = "github.com/mitchellh/go-homedir"
  packages = ["."]
  revision = "3864e76763d94a6df2f9960b16a20a33da9f9a66"

[[projects]]
  name = "github.com/pborman/uuid"
  packages = ["."]
  revision = "e790cca94e6cc75c7064b1332e63811d4aae1a53"
  version = "v1.1"

[[projects]]
  branch = "v2"
  name = "gopkg.in/mgo.v2"
  packages = [
    "bson",
    "internal/json"
  ]
  revision = "9856a29383ce1c59f308dd1cf0363a79b5bef6b5"

[[projects]]
  name = "nanomsg.org/go-mangos"
  packages = [
    ".",
    "protocol/pub",
    "protocol/pull",
    "protocol/push",
    "protocol/rep",
    "protocol/req",
    "protocol/sub",
    "transport/inproc",
    "transport/tcp"
  ]
  revision = "c289f0f3165d00720e9dcef856b52d799f0bb008"
  version = "v1.4.0"

[solve-meta]
  analyzer-name = "dep"
  analyzer-version = 1
  inputs-digest = "e9351a2a9a0f3951f934ab5feca1fa1d53fd3c9b318778e3bed153b81bbef00c"
  solver-name = "gps-cdcl"
  solver-version = 1
